// !$*UTF8*$!
{
	archiveVersion = 1;
	classes = {
	};
	objectVersion = 50;
	objects = {

/* Begin PBXBuildFile section */
		CE516CB823CC471000D6A3CC /* resultViewController.swift in Sources */ = {isa = PBXBuildFile; fileRef = CE516CB723CC471000D6A3CC /* resultViewController.swift */; };
		CE516CBA23CC4B0D00D6A3CC /* shoptablecell.swift in Sources */ = {isa = PBXBuildFile; fileRef = CE516CB923CC4B0D00D6A3CC /* shoptablecell.swift */; };
		CE516CBC23CF1D9400D6A3CC /* DataAPI.swift in Sources */ = {isa = PBXBuildFile; fileRef = CE516CBB23CF1D9400D6A3CC /* DataAPI.swift */; };
		CECBCE1223AAFAFB00B01E0A /* AppDelegate.swift in Sources */ = {isa = PBXBuildFile; fileRef = CECBCE1123AAFAFB00B01E0A /* AppDelegate.swift */; };
		CECBCE1423AAFAFB00B01E0A /* SceneDelegate.swift in Sources */ = {isa = PBXBuildFile; fileRef = CECBCE1323AAFAFB00B01E0A /* SceneDelegate.swift */; };
		CECBCE1623AAFAFB00B01E0A /* ViewController.swift in Sources */ = {isa = PBXBuildFile; fileRef = CECBCE1523AAFAFB00B01E0A /* ViewController.swift */; };
		CECBCE1923AAFAFB00B01E0A /* Main.storyboard in Resources */ = {isa = PBXBuildFile; fileRef = CECBCE1723AAFAFB00B01E0A /* Main.storyboard */; };
		CECBCE1B23AAFAFE00B01E0A /* Assets.xcassets in Resources */ = {isa = PBXBuildFile; fileRef = CECBCE1A23AAFAFE00B01E0A /* Assets.xcassets */; };
		CECBCE1E23AAFAFE00B01E0A /* LaunchScreen.storyboard in Resources */ = {isa = PBXBuildFile; fileRef = CECBCE1C23AAFAFE00B01E0A /* LaunchScreen.storyboard */; };
/* End PBXBuildFile section */

/* Begin PBXFileReference section */
		CE516CB723CC471000D6A3CC /* resultViewController.swift */ = {isa = PBXFileReference; lastKnownFileType = sourcecode.swift; path = resultViewController.swift; sourceTree = "<group>"; };
		CE516CB923CC4B0D00D6A3CC /* shoptablecell.swift */ = {isa = PBXFileReference; lastKnownFileType = sourcecode.swift; path = shoptablecell.swift; sourceTree = "<group>"; };
		CE516CBB23CF1D9400D6A3CC /* DataAPI.swift */ = {isa = PBXFileReference; lastKnownFileType = sourcecode.swift; path = DataAPI.swift; sourceTree = "<group>"; };
		CECBCE0E23AAFAFB00B01E0A /* itijyouhou.app */ = {isa = PBXFileReference; explicitFileType = wrapper.application; includeInIndex = 0; path = itijyouhou.app; sourceTree = BUILT_PRODUCTS_DIR; };
		CECBCE1123AAFAFB00B01E0A /* AppDelegate.swift */ = {isa = PBXFileReference; lastKnownFileType = sourcecode.swift; path = AppDelegate.swift; sourceTree = "<group>"; };
		CECBCE1323AAFAFB00B01E0A /* SceneDelegate.swift */ = {isa = PBXFileReference; lastKnownFileType = sourcecode.swift; path = SceneDelegate.swift; sourceTree = "<group>"; };
		CECBCE1523AAFAFB00B01E0A /* ViewController.swift */ = {isa = PBXFileReference; lastKnownFileType = sourcecode.swift; path = ViewController.swift; sourceTree = "<group>"; };
		CECBCE1823AAFAFB00B01E0A /* Base */ = {isa = PBXFileReference; lastKnownFileType = file.storyboard; name = Base; path = Base.lproj/Main.storyboard; sourceTree = "<group>"; };
		CECBCE1A23AAFAFE00B01E0A /* Assets.xcassets */ = {isa = PBXFileReference; lastKnownFileType = folder.assetcatalog; path = Assets.xcassets; sourceTree = "<group>"; };
		CECBCE1D23AAFAFE00B01E0A /* Base */ = {isa = PBXFileReference; lastKnownFileType = file.storyboard; name = Base; path = Base.lproj/LaunchScreen.storyboard; sourceTree = "<group>"; };
		CECBCE1F23AAFAFE00B01E0A /* Info.plist */ = {isa = PBXFileReference; lastKnownFileType = text.plist.xml; path = Info.plist; sourceTree = "<group>"; };
/* End PBXFileReference section */

/* Begin PBXFrameworksBuildPhase section */
		CECBCE0B23AAFAFB00B01E0A /* Frameworks */ = {
			isa = PBXFrameworksBuildPhase;
			buildActionMask = 2147483647;
			files = (
			);
			runOnlyForDeploymentPostprocessing = 0;
		};
/* End PBXFrameworksBuildPhase section */

/* Begin PBXGroup section */
		CECBCE0523AAFAFB00B01E0A = {
			isa = PBXGroup;
			children = (
				CECBCE1023AAFAFB00B01E0A /* itijyouhou */,
				CECBCE0F23AAFAFB00B01E0A /* Products */,
			);
			sourceTree = "<group>";
		};
		CECBCE0F23AAFAFB00B01E0A /* Products */ = {
			isa = PBXGroup;
			children = (
				CECBCE0E23AAFAFB00B01E0A /* itijyouhou.app */,
			);
			name = Products;
			sourceTree = "<group>";
		};
		CECBCE1023AAFAFB00B01E0A /* itijyouhou */ = {
			isa = PBXGroup;
			children = (
				CECBCE1123AAFAFB00B01E0A /* AppDelegate.swift */,
				CECBCE1323AAFAFB00B01E0A /* SceneDelegate.swift */,
				CECBCE1523AAFAFB00B01E0A /* ViewController.swift */,
				CECBCE1723AAFAFB00B01E0A /* Main.storyboard */,
				CE516CBB23CF1D9400D6A3CC /* DataAPI.swift */,
				CE516CB923CC4B0D00D6A3CC /* shoptablecell.swift */,
				CE516CB723CC471000D6A3CC /* resultViewController.swift */,
				CECBCE1A23AAFAFE00B01E0A /* Assets.xcassets */,
				CECBCE1C23AAFAFE00B01E0A /* LaunchScreen.storyboard */,
				CECBCE1F23AAFAFE00B01E0A /* Info.plist */,
			);
			path = itijyouhou;
			sourceTree = "<group>";
		};
/* End PBXGroup section */

/* Begin PBXNativeTarget section */
		CECBCE0D23AAFAFB00B01E0A /* itijyouhou */ = {
			isa = PBXNativeTarget;
			buildConfigurationList = CECBCE2223AAFAFE00B01E0A /* Build configuration list for PBXNativeTarget "itijyouhou" */;
			buildPhases = (
				CECBCE0A23AAFAFB00B01E0A /* Sources */,
				CECBCE0B23AAFAFB00B01E0A /* Frameworks */,
				CECBCE0C23AAFAFB00B01E0A /* Resources */,
			);
			buildRules = (
			);
			dependencies = (
			);
			name = itijyouhou;
			productName = itijyouhou;
			productReference = CECBCE0E23AAFAFB00B01E0A /* itijyouhou.app */;
			productType = "com.apple.product-type.application";
		};
/* End PBXNativeTarget section */

/* Begin PBXProject section */
		CECBCE0623AAFAFB00B01E0A /* Project object */ = {
			isa = PBXProject;
			attributes = {
				LastSwiftUpdateCheck = 1120;
				LastUpgradeCheck = 1120;
				ORGANIZATIONNAME = USER;
				TargetAttributes = {
					CECBCE0D23AAFAFB00B01E0A = {
						CreatedOnToolsVersion = 11.2.1;
					};
				};
			};
			buildConfigurationList = CECBCE0923AAFAFB00B01E0A /* Build configuration list for PBXProject "itijyouhou" */;
			compatibilityVersion = "Xcode 9.3";
			developmentRegion = en;
			hasScannedForEncodings = 0;
			knownRegions = (
				en,
				Base,
			);
			mainGroup = CECBCE0523AAFAFB00B01E0A;
			productRefGroup = CECBCE0F23AAFAFB00B01E0A /* Products */;
			projectDirPath = "";
			projectRoot = "";
			targets = (
				CECBCE0D23AAFAFB00B01E0A /* itijyouhou */,
			);
		};
/* End PBXProject section */

/* Begin PBXResourcesBuildPhase section */
		CECBCE0C23AAFAFB00B01E0A /* Resources */ = {
			isa = PBXResourcesBuildPhase;
			buildActionMask = 2147483647;
			files = (
				CECBCE1E23AAFAFE00B01E0A /* LaunchScreen.storyboard in Resources */,
				CECBCE1B23AAFAFE00B01E0A /* Assets.xcassets in Resources */,
				CECBCE1923AAFAFB00B01E0A /* Main.storyboard in Resources */,
			);
			runOnlyForDeploymentPostprocessing = 0;
		};
/* End PBXResourcesBuildPhase section */

/* Begin PBXSourcesBuildPhase section */
		CECBCE0A23AAFAFB00B01E0A /* Sources */ = {
			isa = PBXSourcesBuildPhase;
			buildActionMask = 2147483647;
			files = (
				CECBCE1623AAFAFB00B01E0A /* ViewController.swift in Sources */,
				CE516CBA23CC4B0D00D6A3CC /* shoptablecell.swift in Sources */,
				CECBCE1223AAFAFB00B01E0A /* AppDelegate.swift in Sources */,
				CECBCE1423AAFAFB00B01E0A /* SceneDelegate.swift in Sources */,
				CE516CBC23CF1D9400D6A3CC /* DataAPI.swift in Sources */,
				CE516CB823CC471000D6A3CC /* resultViewController.swift in Sources */,
			);
			runOnlyForDeploymentPostprocessing = 0;
		};
/* End PBXSourcesBuildPhase section */

/* Begin PBXVariantGroup section */
		CECBCE1723AAFAFB00B01E0A /* Main.storyboard */ = {
			isa = PBXVariantGroup;
			children = (
				CECBCE1823AAFAFB00B01E0A /* Base */,
			);
			name = Main.storyboard;
			sourceTree = "<group>";
		};
		CECBCE1C23AAFAFE00B01E0A /* LaunchScreen.storyboard */ = {
			isa = PBXVariantGroup;
			children = (
				CECBCE1D23AAFAFE00B01E0A /* Base */,
			);
			name = LaunchScreen.storyboard;
			sourceTree = "<group>";
		};
/* End PBXVariantGroup section */

/* Begin XCBuildConfiguration section */
		CECBCE2023AAFAFE00B01E0A /* Debug */ = {
			isa = XCBuildConfiguration;
			buildSettings = {
				ALWAYS_SEARCH_USER_PATHS = NO;
				CLANG_ANALYZER_NONNULL = YES;
				CLANG_ANALYZER_NUMBER_OBJECT_CONVERSION = YES_AGGRESSIVE;
				CLANG_CXX_LANGUAGE_STANDARD = "gnu++14";
				CLANG_CXX_LIBRARY = "libc++";
				CLANG_ENABLE_MODULES = YES;
				CLANG_ENABLE_OBJC_ARC = YES;
				CLANG_ENABLE_OBJC_WEAK = YES;
				CLANG_WARN_BLOCK_CAPTURE_AUTORELEASING = YES;
				CLANG_WARN_BOOL_CONVERSION = YES;
				CLANG_WARN_COMMA = YES;
				CLANG_WARN_CONSTANT_CONVERSION = YES;
				CLANG_WARN_DEPRECATED_OBJC_IMPLEMENTATIONS = YES;
				CLANG_WARN_DIRECT_OBJC_ISA_USAGE = YES_ERROR;
				CLANG_WARN_DOCUMENTATION_COMMENTS = YES;
				CLANG_WARN_EMPTY_BODY = YES;
				CLANG_WARN_ENUM_CONVERSION = YES;
				CLANG_WARN_INFINITE_RECURSION = YES;
				CLANG_WARN_INT_CONVERSION = YES;
				CLANG_WARN_NON_LITERAL_NULL_CONVERSION = YES;
				CLANG_WARN_OBJC_IMPLICIT_RETAIN_SELF = YES;
				CLANG_WARN_OBJC_LITERAL_CONVERSION = YES;
				CLANG_WARN_OBJC_ROOT_CLASS = YES_ERROR;
				CLANG_WARN_RANGE_LOOP_ANALYSIS = YES;
				CLANG_WARN_STRICT_PROTOTYPES = YES;
				CLANG_WARN_SUSPICIOUS_MOVE = YES;
				CLANG_WARN_UNGUARDED_AVAILABILITY = YES_AGGRESSIVE;
				CLANG_WARN_UNREACHABLE_CODE = YES;
				CLANG_WARN__DUPLICATE_METHOD_MATCH = YES;
				COPY_PHASE_STRIP = NO;
				DEBUG_INFORMATION_FORMAT = dwarf;
				ENABLE_STRICT_OBJC_MSGSEND = YES;
				ENABLE_TESTABILITY = YES;
				GCC_C_LANGUAGE_STANDARD = gnu11;
				GCC_DYNAMIC_NO_PIC = NO;
				GCC_NO_COMMON_BLOCKS = YES;
				GCC_OPTIMIZATION_LEVEL = 0;
				GCC_PREPROCESSOR_DEFINITIONS = (
					"DEBUG=1",
					"$(inherited)",
				);
				GCC_WARN_64_TO_32_BIT_CONVERSION = YES;
				GCC_WARN_ABOUT_RETURN_TYPE = YES_ERROR;
				GCC_WARN_UNDECLARED_SELECTOR = YES;
				GCC_WARN_UNINITIALIZED_AUTOS = YES_AGGRESSIVE;
				GCC_WARN_UNUSED_FUNCTION = YES;
				GCC_WARN_UNUSED_VARIABLE = YES;
				IPHONEOS_DEPLOYMENT_TARGET = 13.2;
				MTL_ENABLE_DEBUG_INFO = INCLUDE_SOURCE;
				MTL_FAST_MATH = YES;
				ONLY_ACTIVE_ARCH = YES;
				SDKROOT = iphoneos;
				SWIFT_ACTIVE_COMPILATION_CONDITIONS = DEBUG;
				SWIFT_OPTIMIZATION_LEVEL = "-Onone";
			};
			name = Debug;
		};
		CECBCE2123AAFAFE00B01E0A /* Release */ = {
			isa = XCBuildConfiguration;
			buildSettings = {
				ALWAYS_SEARCH_USER_PATHS = NO;
				CLANG_ANALYZER_NONNULL = YES;
				CLANG_ANALYZER_NUMBER_OBJECT_CONVERSION = YES_AGGRESSIVE;
				CLANG_CXX_LANGUAGE_STANDARD = "gnu++14";
				CLANG_CXX_LIBRARY = "libc++";
				CLANG_ENABLE_MODULES = YES;
				CLANG_ENABLE_OBJC_ARC = YES;
				CLANG_ENABLE_OBJC_WEAK = YES;
				CLANG_WARN_BLOCK_CAPTURE_AUTORELEASING = YES;
				CLANG_WARN_BOOL_CONVERSION = YES;
				CLANG_WARN_COMMA = YES;
				CLANG_WARN_CONSTANT_CONVERSION = YES;
				CLANG_WARN_DEPRECATED_OBJC_IMPLEMENTATIONS = YES;
				CLANG_WARN_DIRECT_OBJC_ISA_USAGE = YES_ERROR;
				CLANG_WARN_DOCUMENTATION_COMMENTS = YES;
				CLANG_WARN_EMPTY_BODY = YES;
				CLANG_WARN_ENUM_CONVERSION = YES;
				CLANG_WARN_INFINITE_RECURSION = YES;
				CLANG_WARN_INT_CONVERSION = YES;
				CLANG_WARN_NON_LITERAL_NULL_CONVERSION = YES;
				CLANG_WARN_OBJC_IMPLICIT_RETAIN_SELF = YES;
				CLANG_WARN_OBJC_LITERAL_CONVERSION = YES;
				CLANG_WARN_OBJC_ROOT_CLASS = YES_ERROR;
				CLANG_WARN_RANGE_LOOP_ANALYSIS = YES;
				CLANG_WARN_STRICT_PROTOTYPES = YES;
				CLANG_WARN_SUSPICIOUS_MOVE = YES;
				CLANG_WARN_UNGUARDED_AVAILABILITY = YES_AGGRESSIVE;
				CLANG_WARN_UNREACHABLE_CODE = YES;
				CLANG_WARN__DUPLICATE_METHOD_MATCH = YES;
				COPY_PHASE_STRIP = NO;
				DEBUG_INFORMATION_FORMAT = "dwarf-with-dsym";
				ENABLE_NS_ASSERTIONS = NO;
				ENABLE_STRICT_OBJC_MSGSEND = YES;
				GCC_C_LANGUAGE_STANDARD = gnu11;
				GCC_NO_COMMON_BLOCKS = YES;
				GCC_WARN_64_TO_32_BIT_CONVERSION = YES;
				GCC_WARN_ABOUT_RETURN_TYPE = YES_ERROR;
				GCC_WARN_UNDECLARED_SELECTOR = YES;
				GCC_WARN_UNINITIALIZED_AUTOS = YES_AGGRESSIVE;
				GCC_WARN_UNUSED_FUNCTION = YES;
				GCC_WARN_UNUSED_VARIABLE = YES;
				IPHONEOS_DEPLOYMENT_TARGET = 13.2;
				MTL_ENABLE_DEBUG_INFO = NO;
				MTL_FAST_MATH = YES;
				SDKROOT = iphoneos;
				SWIFT_COMPILATION_MODE = wholemodule;
				SWIFT_OPTIMIZATION_LEVEL = "-O";
				VALIDATE_PRODUCT = YES;
			};
			name = Release;
		};
		CECBCE2323AAFAFE00B01E0A /* Debug */ = {
			isa = XCBuildConfiguration;
			buildSettings = {
				ASSETCATALOG_COMPILER_APPICON_NAME = AppIcon;
				CODE_SIGN_STYLE = Automatic;
				DEVELOPMENT_TEAM = 4PXVDQMGAW;
				INFOPLIST_FILE = itijyouhou/Info.plist;
				LD_RUNPATH_SEARCH_PATHS = (
					"$(inherited)",
					"@executable_path/Frameworks",
				);
				PRODUCT_BUNDLE_IDENTIFIER = "ikepon413-icloud.co.jp.itijyouhou";
				PRODUCT_NAME = "$(TARGET_NAME)";
				SWIFT_VERSION = 5.0;
				TARGETED_DEVICE_FAMILY = "1,2";
			};
			name = Debug;
		};
		CECBCE2423AAFAFE00B01E0A /* Release */ = {
			isa = XCBuildConfiguration;
			buildSettings = {
				ASSETCATALOG_COMPILER_APPICON_NAME = AppIcon;
				CODE_SIGN_STYLE = Automatic;
				DEVELOPMENT_TEAM = 4PXVDQMGAW;
				INFOPLIST_FILE = itijyouhou/Info.plist;
				LD_RUNPATH_SEARCH_PATHS = (
					"$(inherited)",
					"@executable_path/Frameworks",
				);
				PRODUCT_BUNDLE_IDENTIFIER = "ikepon413-icloud.co.jp.itijyouhou";
				PRODUCT_NAME = "$(TARGET_NAME)";
				SWIFT_VERSION = 5.0;
				TARGETED_DEVICE_FAMILY = "1,2";
			};
			name = Release;
		};
/* End XCBuildConfiguration section */

/* Begin XCConfigurationList section */
		CECBCE0923AAFAFB00B01E0A /* Build configuration list for PBXProject "itijyouhou" */ = {
			isa = XCConfigurationList;
			buildConfigurations = (
				CECBCE2023AAFAFE00B01E0A /* Debug */,
				CECBCE2123AAFAFE00B01E0A /* Release */,
			);
			defaultConfigurationIsVisible = 0;
			defaultConfigurationName = Release;
		};
		CECBCE2223AAFAFE00B01E0A /* Build configuration list for PBXNativeTarget "itijyouhou" */ = {
			isa = XCConfigurationList;
			buildConfigurations = (
				CECBCE2323AAFAFE00B01E0A /* Debug */,
				CECBCE2423AAFAFE00B01E0A /* Release */,
			);
			defaultConfigurationIsVisible = 0;
			defaultConfigurationName = Release;
		};
/* End XCConfigurationList section */
	};
	rootObject = CECBCE0623AAFAFB00B01E0A /* Project object */;
}
